
Microsoft Visual Studio Solution File, Format Version 12.00
# Visual Studio Version 16
VisualStudioVersion = 16.0.31829.152
MinimumVisualStudioVersion = 10.0.40219.1
Project("{FAE04EC0-301F-11D3-BF4B-00C04F79EFBC}") = "GestioBusCrud", "GestioBusCrud\GestioBusCrud.csproj", "{671DFA0A-1930-4BC0-9CC5-EB59823011B8}"
EndProject
Global
	GlobalSection(SolutionConfigurationPlatforms) = preSolution
		Debug|Any CPU = Debug|Any CPU
		Release|Any CPU = Release|Any CPU
	EndGlobalSection
	GlobalSection(ProjectConfigurationPlatforms) = postSolution
		{671DFA0A-1930-4BC0-9CC5-EB59823011B8}.Debug|Any CPU.ActiveCfg = Debug|Any CPU
		{671DFA0A-1930-4BC0-9CC5-EB59823011B8}.Debug|Any CPU.Build.0 = Debug|Any CPU
		{671DFA0A-1930-4BC0-9CC5-EB59823011B8}.Release|Any CPU.ActiveCfg = Release|Any CPU
		{671DFA0A-1930-4BC0-9CC5-EB59823011B8}.Release|Any CPU.Build.0 = Release|Any CPU
	EndGlobalSection
	GlobalSection(SolutionProperties) = preSolution
		HideSolutionNode = FALSE
	EndGlobalSection
	GlobalSection(ExtensibilityGlobals) = postSolution
		SolutionGuid = {B00C402B-7A74-434A-A3C4-E7981452DE7C}
	EndGlobalSection
EndGlobal
